
Microsoft Visual Studio Solution File, Format Version 12.00
# Visual Studio 15
VisualStudioVersion = 15.0.27703.2042
MinimumVisualStudioVersion = 10.0.40219.1
Project("{FAE04EC0-301F-11D3-BF4B-00C04F79EFBC}") = "eAMS.UI", "TestMVC45\eAMS.UI.csproj", "{721DE5BD-6C6F-47CF-B7E3-B1797D8CBBA5}"
EndProject
Project("{FAE04EC0-301F-11D3-BF4B-00C04F79EFBC}") = "eAMS.Models", "eAMS.Models\eAMS.Models.csproj", "{F87A0BB5-931F-44F8-8521-DD4026A30523}"
EndProject
Project("{FAE04EC0-301F-11D3-BF4B-00C04F79EFBC}") = "eAMS.BusinessNew", "eAMS.BusinessNew\eAMS.BusinessNew.csproj", "{AB560AB4-2838-49B9-9379-9F744ED47603}"
EndProject
Project("{FAE04EC0-301F-11D3-BF4B-00C04F79EFBC}") = "eAMS.Dal", "eAMS.Dal\eAMS.Dal.csproj", "{AC449ECB-A280-4289-9C34-3AF7A93A15BC}"
EndProject
Global
	GlobalSection(SolutionConfigurationPlatforms) = preSolution
		Debug|Any CPU = Debug|Any CPU
		Release|Any CPU = Release|Any CPU
	EndGlobalSection
	GlobalSection(ProjectConfigurationPlatforms) = postSolution
		{721DE5BD-6C6F-47CF-B7E3-B1797D8CBBA5}.Debug|Any CPU.ActiveCfg = Debug|Any CPU
		{721DE5BD-6C6F-47CF-B7E3-B1797D8CBBA5}.Debug|Any CPU.Build.0 = Debug|Any CPU
		{721DE5BD-6C6F-47CF-B7E3-B1797D8CBBA5}.Release|Any CPU.ActiveCfg = Release|Any CPU
		{721DE5BD-6C6F-47CF-B7E3-B1797D8CBBA5}.Release|Any CPU.Build.0 = Release|Any CPU
		{F87A0BB5-931F-44F8-8521-DD4026A30523}.Debug|Any CPU.ActiveCfg = Debug|Any CPU
		{F87A0BB5-931F-44F8-8521-DD4026A30523}.Debug|Any CPU.Build.0 = Debug|Any CPU
		{F87A0BB5-931F-44F8-8521-DD4026A30523}.Release|Any CPU.ActiveCfg = Release|Any CPU
		{F87A0BB5-931F-44F8-8521-DD4026A30523}.Release|Any CPU.Build.0 = Release|Any CPU
		{AB560AB4-2838-49B9-9379-9F744ED47603}.Debug|Any CPU.ActiveCfg = Debug|Any CPU
		{AB560AB4-2838-49B9-9379-9F744ED47603}.Debug|Any CPU.Build.0 = Debug|Any CPU
		{AB560AB4-2838-49B9-9379-9F744ED47603}.Release|Any CPU.ActiveCfg = Release|Any CPU
		{AB560AB4-2838-49B9-9379-9F744ED47603}.Release|Any CPU.Build.0 = Release|Any CPU
		{AC449ECB-A280-4289-9C34-3AF7A93A15BC}.Debug|Any CPU.ActiveCfg = Debug|Any CPU
		{AC449ECB-A280-4289-9C34-3AF7A93A15BC}.Debug|Any CPU.Build.0 = Debug|Any CPU
		{AC449ECB-A280-4289-9C34-3AF7A93A15BC}.Release|Any CPU.ActiveCfg = Release|Any CPU
		{AC449ECB-A280-4289-9C34-3AF7A93A15BC}.Release|Any CPU.Build.0 = Release|Any CPU
	EndGlobalSection
	GlobalSection(SolutionProperties) = preSolution
		HideSolutionNode = FALSE
	EndGlobalSection
	GlobalSection(ExtensibilityGlobals) = postSolution
		SolutionGuid = {AE336882-E32B-4032-85F1-143C5CD13A84}
	EndGlobalSection
EndGlobal
